
Microsoft Visual Studio Solution File, Format Version 12.00
# Visual Studio Version 17
VisualStudioVersion = 17.2.32516.85
MinimumVisualStudioVersion = 10.0.40219.1
Project("{FAE04EC0-301F-11D3-BF4B-00C04F79EFBC}") = "Project10.7", "Project10.7\Project10.7.csproj", "{3F5E492C-0D33-46F5-8F74-D7F44C406E2E}"
EndProject
Global
	GlobalSection(SolutionConfigurationPlatforms) = preSolution
		Debug|Any CPU = Debug|Any CPU
		Release|Any CPU = Release|Any CPU
	EndGlobalSection
	GlobalSection(ProjectConfigurationPlatforms) = postSolution
		{3F5E492C-0D33-46F5-8F74-D7F44C406E2E}.Debug|Any CPU.ActiveCfg = Debug|Any CPU
		{3F5E492C-0D33-46F5-8F74-D7F44C406E2E}.Debug|Any CPU.Build.0 = Debug|Any CPU
		{3F5E492C-0D33-46F5-8F74-D7F44C406E2E}.Release|Any CPU.ActiveCfg = Release|Any CPU
		{3F5E492C-0D33-46F5-8F74-D7F44C406E2E}.Release|Any CPU.Build.0 = Release|Any CPU
	EndGlobalSection
	GlobalSection(SolutionProperties) = preSolution
		HideSolutionNode = FALSE
	EndGlobalSection
	GlobalSection(ExtensibilityGlobals) = postSolution
		SolutionGuid = {DA2170C5-7A55-44CF-BC04-6C0C0C6C2A76}
	EndGlobalSection
EndGlobal
