
Microsoft Visual Studio Solution File, Format Version 12.00
# Visual Studio Version 16
VisualStudioVersion = 16.0.31129.286
MinimumVisualStudioVersion = 10.0.40219.1
Project("{FAE04EC0-301F-11D3-BF4B-00C04F79EFBC}") = "10.5", "10.5\10.5.csproj", "{567498A8-EDF2-4F55-A26F-0B38A3047EC5}"
EndProject
Global
	GlobalSection(SolutionConfigurationPlatforms) = preSolution
		Debug|Any CPU = Debug|Any CPU
		Release|Any CPU = Release|Any CPU
	EndGlobalSection
	GlobalSection(ProjectConfigurationPlatforms) = postSolution
		{567498A8-EDF2-4F55-A26F-0B38A3047EC5}.Debug|Any CPU.ActiveCfg = Debug|Any CPU
		{567498A8-EDF2-4F55-A26F-0B38A3047EC5}.Debug|Any CPU.Build.0 = Debug|Any CPU
		{567498A8-EDF2-4F55-A26F-0B38A3047EC5}.Release|Any CPU.ActiveCfg = Release|Any CPU
		{567498A8-EDF2-4F55-A26F-0B38A3047EC5}.Release|Any CPU.Build.0 = Release|Any CPU
	EndGlobalSection
	GlobalSection(SolutionProperties) = preSolution
		HideSolutionNode = FALSE
	EndGlobalSection
	GlobalSection(ExtensibilityGlobals) = postSolution
		SolutionGuid = {793365ED-774C-4B83-87E8-18482728C3E7}
	EndGlobalSection
EndGlobal
