
Microsoft Visual Studio Solution File, Format Version 12.00
# Visual Studio Version 17
VisualStudioVersion = 17.0.32014.148
MinimumVisualStudioVersion = 10.0.40219.1
Project("{FAE04EC0-301F-11D3-BF4B-00C04F79EFBC}") = "Project 10.7", "Project 10.7.csproj", "{E7198A7A-303B-43F7-83E0-F8B479CD938E}"
EndProject
Global
	GlobalSection(SolutionConfigurationPlatforms) = preSolution
		Debug|Any CPU = Debug|Any CPU
		Release|Any CPU = Release|Any CPU
	EndGlobalSection
	GlobalSection(ProjectConfigurationPlatforms) = postSolution
		{E7198A7A-303B-43F7-83E0-F8B479CD938E}.Debug|Any CPU.ActiveCfg = Debug|Any CPU
		{E7198A7A-303B-43F7-83E0-F8B479CD938E}.Debug|Any CPU.Build.0 = Debug|Any CPU
		{E7198A7A-303B-43F7-83E0-F8B479CD938E}.Release|Any CPU.ActiveCfg = Release|Any CPU
		{E7198A7A-303B-43F7-83E0-F8B479CD938E}.Release|Any CPU.Build.0 = Release|Any CPU
	EndGlobalSection
	GlobalSection(SolutionProperties) = preSolution
		HideSolutionNode = FALSE
	EndGlobalSection
	GlobalSection(ExtensibilityGlobals) = postSolution
		SolutionGuid = {C5E94288-24DE-4D33-9DB5-52311DD6E91E}
	EndGlobalSection
EndGlobal
