
Microsoft Visual Studio Solution File, Format Version 12.00
# Visual Studio Version 17
VisualStudioVersion = 17.1.32421.90
MinimumVisualStudioVersion = 10.0.40219.1
Project("{FAE04EC0-301F-11D3-BF4B-00C04F79EFBC}") = "Project10.1", "Project10.1\Project10.1.csproj", "{216621B0-D77D-4A10-AC48-E4D17A89E1EF}"
EndProject
Global
	GlobalSection(SolutionConfigurationPlatforms) = preSolution
		Debug|Any CPU = Debug|Any CPU
		Release|Any CPU = Release|Any CPU
	EndGlobalSection
	GlobalSection(ProjectConfigurationPlatforms) = postSolution
		{216621B0-D77D-4A10-AC48-E4D17A89E1EF}.Debug|Any CPU.ActiveCfg = Debug|Any CPU
		{216621B0-D77D-4A10-AC48-E4D17A89E1EF}.Debug|Any CPU.Build.0 = Debug|Any CPU
		{216621B0-D77D-4A10-AC48-E4D17A89E1EF}.Release|Any CPU.ActiveCfg = Release|Any CPU
		{216621B0-D77D-4A10-AC48-E4D17A89E1EF}.Release|Any CPU.Build.0 = Release|Any CPU
	EndGlobalSection
	GlobalSection(SolutionProperties) = preSolution
		HideSolutionNode = FALSE
	EndGlobalSection
	GlobalSection(ExtensibilityGlobals) = postSolution
		SolutionGuid = {68945A47-9806-43CD-B74D-07A98FAFEF21}
	EndGlobalSection
EndGlobal
