
Microsoft Visual Studio Solution File, Format Version 12.00
# Visual Studio Version 16
VisualStudioVersion = 16.0.31729.503
MinimumVisualStudioVersion = 10.0.40219.1
Project("{FAE04EC0-301F-11D3-BF4B-00C04F79EFBC}") = "Project 10.3", "Project 10.3\Project 10.3.csproj", "{B936D440-BDC6-44F1-B60B-7ADF1BE50F78}"
EndProject
Global
	GlobalSection(SolutionConfigurationPlatforms) = preSolution
		Debug|Any CPU = Debug|Any CPU
		Release|Any CPU = Release|Any CPU
	EndGlobalSection
	GlobalSection(ProjectConfigurationPlatforms) = postSolution
		{B936D440-BDC6-44F1-B60B-7ADF1BE50F78}.Debug|Any CPU.ActiveCfg = Debug|Any CPU
		{B936D440-BDC6-44F1-B60B-7ADF1BE50F78}.Debug|Any CPU.Build.0 = Debug|Any CPU
		{B936D440-BDC6-44F1-B60B-7ADF1BE50F78}.Release|Any CPU.ActiveCfg = Release|Any CPU
		{B936D440-BDC6-44F1-B60B-7ADF1BE50F78}.Release|Any CPU.Build.0 = Release|Any CPU
	EndGlobalSection
	GlobalSection(SolutionProperties) = preSolution
		HideSolutionNode = FALSE
	EndGlobalSection
	GlobalSection(ExtensibilityGlobals) = postSolution
		SolutionGuid = {5F3BD8F9-FAA3-4248-8274-EFBFAB7CAFB1}
	EndGlobalSection
EndGlobal
