
Microsoft Visual Studio Solution File, Format Version 12.00
# Visual Studio Version 16
VisualStudioVersion = 16.0.31129.286
MinimumVisualStudioVersion = 10.0.40219.1
Project("{FAE04EC0-301F-11D3-BF4B-00C04F79EFBC}") = "10.4", "10.4\10.4.csproj", "{1AFB1A42-1797-40F7-B809-D0DABDC4EBFC}"
EndProject
Global
	GlobalSection(SolutionConfigurationPlatforms) = preSolution
		Debug|Any CPU = Debug|Any CPU
		Release|Any CPU = Release|Any CPU
	EndGlobalSection
	GlobalSection(ProjectConfigurationPlatforms) = postSolution
		{1AFB1A42-1797-40F7-B809-D0DABDC4EBFC}.Debug|Any CPU.ActiveCfg = Debug|Any CPU
		{1AFB1A42-1797-40F7-B809-D0DABDC4EBFC}.Debug|Any CPU.Build.0 = Debug|Any CPU
		{1AFB1A42-1797-40F7-B809-D0DABDC4EBFC}.Release|Any CPU.ActiveCfg = Release|Any CPU
		{1AFB1A42-1797-40F7-B809-D0DABDC4EBFC}.Release|Any CPU.Build.0 = Release|Any CPU
	EndGlobalSection
	GlobalSection(SolutionProperties) = preSolution
		HideSolutionNode = FALSE
	EndGlobalSection
	GlobalSection(ExtensibilityGlobals) = postSolution
		SolutionGuid = {B9D7F0D7-6D76-4F70-B431-63D230362556}
	EndGlobalSection
EndGlobal
