
Microsoft Visual Studio Solution File, Format Version 12.00
# Visual Studio Version 16
VisualStudioVersion = 16.0.31729.503
MinimumVisualStudioVersion = 10.0.40219.1
Project("{FAE04EC0-301F-11D3-BF4B-00C04F79EFBC}") = "project10.3", "project10.3\project10.3.csproj", "{1EC82AAA-2769-40A4-B1EC-74C4FF3FD5BF}"
EndProject
Global
	GlobalSection(SolutionConfigurationPlatforms) = preSolution
		Debug|Any CPU = Debug|Any CPU
		Release|Any CPU = Release|Any CPU
	EndGlobalSection
	GlobalSection(ProjectConfigurationPlatforms) = postSolution
		{1EC82AAA-2769-40A4-B1EC-74C4FF3FD5BF}.Debug|Any CPU.ActiveCfg = Debug|Any CPU
		{1EC82AAA-2769-40A4-B1EC-74C4FF3FD5BF}.Debug|Any CPU.Build.0 = Debug|Any CPU
		{1EC82AAA-2769-40A4-B1EC-74C4FF3FD5BF}.Release|Any CPU.ActiveCfg = Release|Any CPU
		{1EC82AAA-2769-40A4-B1EC-74C4FF3FD5BF}.Release|Any CPU.Build.0 = Release|Any CPU
	EndGlobalSection
	GlobalSection(SolutionProperties) = preSolution
		HideSolutionNode = FALSE
	EndGlobalSection
	GlobalSection(ExtensibilityGlobals) = postSolution
		SolutionGuid = {BAA52A6A-FCD8-4803-8CBE-0679078F2923}
	EndGlobalSection
EndGlobal
