
Microsoft Visual Studio Solution File, Format Version 12.00
# Visual Studio Version 16
VisualStudioVersion = 16.0.31729.503
MinimumVisualStudioVersion = 10.0.40219.1
Project("{FAE04EC0-301F-11D3-BF4B-00C04F79EFBC}") = "Project10.6", "Project10.6\Project10.6.csproj", "{9A390F2E-7588-4498-B99A-FCC869E72860}"
EndProject
Global
	GlobalSection(SolutionConfigurationPlatforms) = preSolution
		Debug|Any CPU = Debug|Any CPU
		Release|Any CPU = Release|Any CPU
	EndGlobalSection
	GlobalSection(ProjectConfigurationPlatforms) = postSolution
		{9A390F2E-7588-4498-B99A-FCC869E72860}.Debug|Any CPU.ActiveCfg = Debug|Any CPU
		{9A390F2E-7588-4498-B99A-FCC869E72860}.Debug|Any CPU.Build.0 = Debug|Any CPU
		{9A390F2E-7588-4498-B99A-FCC869E72860}.Release|Any CPU.ActiveCfg = Release|Any CPU
		{9A390F2E-7588-4498-B99A-FCC869E72860}.Release|Any CPU.Build.0 = Release|Any CPU
	EndGlobalSection
	GlobalSection(SolutionProperties) = preSolution
		HideSolutionNode = FALSE
	EndGlobalSection
	GlobalSection(ExtensibilityGlobals) = postSolution
		SolutionGuid = {BC891286-658C-4CC7-9D2B-9C1D3A39F1A6}
	EndGlobalSection
EndGlobal
