
Microsoft Visual Studio Solution File, Format Version 12.00
# Visual Studio Version 17
VisualStudioVersion = 17.0.32112.339
MinimumVisualStudioVersion = 10.0.40219.1
Project("{FAE04EC0-301F-11D3-BF4B-00C04F79EFBC}") = "Project10.7", "Project10.7\Project10.7.csproj", "{F56E79AF-9E7C-4776-9EA1-0A3378517FEC}"
EndProject
Global
	GlobalSection(SolutionConfigurationPlatforms) = preSolution
		Debug|Any CPU = Debug|Any CPU
		Release|Any CPU = Release|Any CPU
	EndGlobalSection
	GlobalSection(ProjectConfigurationPlatforms) = postSolution
		{F56E79AF-9E7C-4776-9EA1-0A3378517FEC}.Debug|Any CPU.ActiveCfg = Debug|Any CPU
		{F56E79AF-9E7C-4776-9EA1-0A3378517FEC}.Debug|Any CPU.Build.0 = Debug|Any CPU
		{F56E79AF-9E7C-4776-9EA1-0A3378517FEC}.Release|Any CPU.ActiveCfg = Release|Any CPU
		{F56E79AF-9E7C-4776-9EA1-0A3378517FEC}.Release|Any CPU.Build.0 = Release|Any CPU
	EndGlobalSection
	GlobalSection(SolutionProperties) = preSolution
		HideSolutionNode = FALSE
	EndGlobalSection
	GlobalSection(ExtensibilityGlobals) = postSolution
		SolutionGuid = {857F454E-1590-40BF-A708-EB064B47BBD1}
	EndGlobalSection
EndGlobal
