
Microsoft Visual Studio Solution File, Format Version 12.00
# Visual Studio Version 16
VisualStudioVersion = 16.0.32126.315
MinimumVisualStudioVersion = 10.0.40219.1
Project("{FAE04EC0-301F-11D3-BF4B-00C04F79EFBC}") = "Project 10.6", "Project 10.6\Project 10.6.csproj", "{78E4921C-C3F7-46E2-9D8B-88F041BAA5D8}"
EndProject
Global
	GlobalSection(SolutionConfigurationPlatforms) = preSolution
		Debug|Any CPU = Debug|Any CPU
		Release|Any CPU = Release|Any CPU
	EndGlobalSection
	GlobalSection(ProjectConfigurationPlatforms) = postSolution
		{78E4921C-C3F7-46E2-9D8B-88F041BAA5D8}.Debug|Any CPU.ActiveCfg = Debug|Any CPU
		{78E4921C-C3F7-46E2-9D8B-88F041BAA5D8}.Debug|Any CPU.Build.0 = Debug|Any CPU
		{78E4921C-C3F7-46E2-9D8B-88F041BAA5D8}.Release|Any CPU.ActiveCfg = Release|Any CPU
		{78E4921C-C3F7-46E2-9D8B-88F041BAA5D8}.Release|Any CPU.Build.0 = Release|Any CPU
	EndGlobalSection
	GlobalSection(SolutionProperties) = preSolution
		HideSolutionNode = FALSE
	EndGlobalSection
	GlobalSection(ExtensibilityGlobals) = postSolution
		SolutionGuid = {A9B29A6D-C0E6-4EF3-8DC4-C336BA319994}
	EndGlobalSection
EndGlobal
