
Microsoft Visual Studio Solution File, Format Version 12.00
# Visual Studio Version 16
VisualStudioVersion = 16.0.31729.503
MinimumVisualStudioVersion = 10.0.40219.1
Project("{FAE04EC0-301F-11D3-BF4B-00C04F79EFBC}") = "project10.1", "project10.1\project10.1.csproj", "{63574D91-7215-4F46-9BE7-D0BA6A2D0DB6}"
EndProject
Global
	GlobalSection(SolutionConfigurationPlatforms) = preSolution
		Debug|Any CPU = Debug|Any CPU
		Release|Any CPU = Release|Any CPU
	EndGlobalSection
	GlobalSection(ProjectConfigurationPlatforms) = postSolution
		{63574D91-7215-4F46-9BE7-D0BA6A2D0DB6}.Debug|Any CPU.ActiveCfg = Debug|Any CPU
		{63574D91-7215-4F46-9BE7-D0BA6A2D0DB6}.Debug|Any CPU.Build.0 = Debug|Any CPU
		{63574D91-7215-4F46-9BE7-D0BA6A2D0DB6}.Release|Any CPU.ActiveCfg = Release|Any CPU
		{63574D91-7215-4F46-9BE7-D0BA6A2D0DB6}.Release|Any CPU.Build.0 = Release|Any CPU
	EndGlobalSection
	GlobalSection(SolutionProperties) = preSolution
		HideSolutionNode = FALSE
	EndGlobalSection
	GlobalSection(ExtensibilityGlobals) = postSolution
		SolutionGuid = {D8450A20-70EA-49B5-B0D9-CC4E84C38939}
	EndGlobalSection
EndGlobal
