
Microsoft Visual Studio Solution File, Format Version 12.00
# Visual Studio Version 16
VisualStudioVersion = 16.0.31105.61
MinimumVisualStudioVersion = 10.0.40219.1
Project("{FAE04EC0-301F-11D3-BF4B-00C04F79EFBC}") = "Project10.5", "Project10.5\Project10.5.csproj", "{C344055A-0AA3-424E-90A1-D450C001169D}"
EndProject
Global
	GlobalSection(SolutionConfigurationPlatforms) = preSolution
		Debug|Any CPU = Debug|Any CPU
		Release|Any CPU = Release|Any CPU
	EndGlobalSection
	GlobalSection(ProjectConfigurationPlatforms) = postSolution
		{C344055A-0AA3-424E-90A1-D450C001169D}.Debug|Any CPU.ActiveCfg = Debug|Any CPU
		{C344055A-0AA3-424E-90A1-D450C001169D}.Debug|Any CPU.Build.0 = Debug|Any CPU
		{C344055A-0AA3-424E-90A1-D450C001169D}.Release|Any CPU.ActiveCfg = Release|Any CPU
		{C344055A-0AA3-424E-90A1-D450C001169D}.Release|Any CPU.Build.0 = Release|Any CPU
	EndGlobalSection
	GlobalSection(SolutionProperties) = preSolution
		HideSolutionNode = FALSE
	EndGlobalSection
	GlobalSection(ExtensibilityGlobals) = postSolution
		SolutionGuid = {AD50F3D6-7E44-4D0F-AE38-4596AAAF9456}
	EndGlobalSection
EndGlobal
