
Microsoft Visual Studio Solution File, Format Version 12.00
# Visual Studio Version 17
VisualStudioVersion = 17.1.32421.90
MinimumVisualStudioVersion = 10.0.40219.1
Project("{FAE04EC0-301F-11D3-BF4B-00C04F79EFBC}") = "Project10.6", "Project10.6\Project10.6.csproj", "{6CFCCC3D-9598-4C5D-96DE-C51A28AE87C5}"
EndProject
Global
	GlobalSection(SolutionConfigurationPlatforms) = preSolution
		Debug|Any CPU = Debug|Any CPU
		Release|Any CPU = Release|Any CPU
	EndGlobalSection
	GlobalSection(ProjectConfigurationPlatforms) = postSolution
		{6CFCCC3D-9598-4C5D-96DE-C51A28AE87C5}.Debug|Any CPU.ActiveCfg = Debug|Any CPU
		{6CFCCC3D-9598-4C5D-96DE-C51A28AE87C5}.Debug|Any CPU.Build.0 = Debug|Any CPU
		{6CFCCC3D-9598-4C5D-96DE-C51A28AE87C5}.Release|Any CPU.ActiveCfg = Release|Any CPU
		{6CFCCC3D-9598-4C5D-96DE-C51A28AE87C5}.Release|Any CPU.Build.0 = Release|Any CPU
	EndGlobalSection
	GlobalSection(SolutionProperties) = preSolution
		HideSolutionNode = FALSE
	EndGlobalSection
	GlobalSection(ExtensibilityGlobals) = postSolution
		SolutionGuid = {7B84E75E-0F4D-47CD-91F7-33186E8EAD0C}
	EndGlobalSection
EndGlobal
