
Microsoft Visual Studio Solution File, Format Version 12.00
# Visual Studio Version 16
VisualStudioVersion = 16.0.31729.503
MinimumVisualStudioVersion = 10.0.40219.1
Project("{FAE04EC0-301F-11D3-BF4B-00C04F79EFBC}") = "project 10.4", "project 10.4\project 10.4.csproj", "{777CA97F-B75D-4724-AC29-CBFFEDB54570}"
EndProject
Global
	GlobalSection(SolutionConfigurationPlatforms) = preSolution
		Debug|Any CPU = Debug|Any CPU
		Release|Any CPU = Release|Any CPU
	EndGlobalSection
	GlobalSection(ProjectConfigurationPlatforms) = postSolution
		{777CA97F-B75D-4724-AC29-CBFFEDB54570}.Debug|Any CPU.ActiveCfg = Debug|Any CPU
		{777CA97F-B75D-4724-AC29-CBFFEDB54570}.Debug|Any CPU.Build.0 = Debug|Any CPU
		{777CA97F-B75D-4724-AC29-CBFFEDB54570}.Release|Any CPU.ActiveCfg = Release|Any CPU
		{777CA97F-B75D-4724-AC29-CBFFEDB54570}.Release|Any CPU.Build.0 = Release|Any CPU
	EndGlobalSection
	GlobalSection(SolutionProperties) = preSolution
		HideSolutionNode = FALSE
	EndGlobalSection
	GlobalSection(ExtensibilityGlobals) = postSolution
		SolutionGuid = {A87E637C-BFAF-4BA1-8045-27ABED686612}
	EndGlobalSection
EndGlobal
