
Microsoft Visual Studio Solution File, Format Version 12.00
# Visual Studio Version 16
VisualStudioVersion = 16.0.30225.117
MinimumVisualStudioVersion = 10.0.40219.1
Project("{FAE04EC0-301F-11D3-BF4B-00C04F79EFBC}") = "Project 10.6", "Project 10.6\Project 10.6.csproj", "{A07C59D5-E70F-4B5F-BCE2-FCFFD09948FE}"
EndProject
Global
	GlobalSection(SolutionConfigurationPlatforms) = preSolution
		Debug|Any CPU = Debug|Any CPU
		Release|Any CPU = Release|Any CPU
	EndGlobalSection
	GlobalSection(ProjectConfigurationPlatforms) = postSolution
		{A07C59D5-E70F-4B5F-BCE2-FCFFD09948FE}.Debug|Any CPU.ActiveCfg = Debug|Any CPU
		{A07C59D5-E70F-4B5F-BCE2-FCFFD09948FE}.Debug|Any CPU.Build.0 = Debug|Any CPU
		{A07C59D5-E70F-4B5F-BCE2-FCFFD09948FE}.Release|Any CPU.ActiveCfg = Release|Any CPU
		{A07C59D5-E70F-4B5F-BCE2-FCFFD09948FE}.Release|Any CPU.Build.0 = Release|Any CPU
	EndGlobalSection
	GlobalSection(SolutionProperties) = preSolution
		HideSolutionNode = FALSE
	EndGlobalSection
	GlobalSection(ExtensibilityGlobals) = postSolution
		SolutionGuid = {B22CD6AD-A016-4B19-BD4B-AD7B8DEF62C0}
	EndGlobalSection
EndGlobal
