
Microsoft Visual Studio Solution File, Format Version 12.00
# Visual Studio Version 17
VisualStudioVersion = 17.1.32328.378
MinimumVisualStudioVersion = 10.0.40219.1
Project("{FAE04EC0-301F-11D3-BF4B-00C04F79EFBC}") = "Project10.6", "Project10.6\Project10.6.csproj", "{7B49603D-D7CB-4B8F-BD35-B1F358ADF72C}"
EndProject
Global
	GlobalSection(SolutionConfigurationPlatforms) = preSolution
		Debug|Any CPU = Debug|Any CPU
		Release|Any CPU = Release|Any CPU
	EndGlobalSection
	GlobalSection(ProjectConfigurationPlatforms) = postSolution
		{7B49603D-D7CB-4B8F-BD35-B1F358ADF72C}.Debug|Any CPU.ActiveCfg = Debug|Any CPU
		{7B49603D-D7CB-4B8F-BD35-B1F358ADF72C}.Debug|Any CPU.Build.0 = Debug|Any CPU
		{7B49603D-D7CB-4B8F-BD35-B1F358ADF72C}.Release|Any CPU.ActiveCfg = Release|Any CPU
		{7B49603D-D7CB-4B8F-BD35-B1F358ADF72C}.Release|Any CPU.Build.0 = Release|Any CPU
	EndGlobalSection
	GlobalSection(SolutionProperties) = preSolution
		HideSolutionNode = FALSE
	EndGlobalSection
	GlobalSection(ExtensibilityGlobals) = postSolution
		SolutionGuid = {E916E5E7-CBEA-486B-904B-86D0542BDA65}
	EndGlobalSection
EndGlobal
