
Microsoft Visual Studio Solution File, Format Version 12.00
# Visual Studio Version 16
VisualStudioVersion = 16.0.31729.503
MinimumVisualStudioVersion = 10.0.40219.1
Project("{FAE04EC0-301F-11D3-BF4B-00C04F79EFBC}") = "Project 10.1", "Project 10.1\Project 10.1.csproj", "{97B7DB5E-60DD-46DD-9B52-27044E0811C7}"
EndProject
Global
	GlobalSection(SolutionConfigurationPlatforms) = preSolution
		Debug|Any CPU = Debug|Any CPU
		Release|Any CPU = Release|Any CPU
	EndGlobalSection
	GlobalSection(ProjectConfigurationPlatforms) = postSolution
		{97B7DB5E-60DD-46DD-9B52-27044E0811C7}.Debug|Any CPU.ActiveCfg = Debug|Any CPU
		{97B7DB5E-60DD-46DD-9B52-27044E0811C7}.Debug|Any CPU.Build.0 = Debug|Any CPU
		{97B7DB5E-60DD-46DD-9B52-27044E0811C7}.Release|Any CPU.ActiveCfg = Release|Any CPU
		{97B7DB5E-60DD-46DD-9B52-27044E0811C7}.Release|Any CPU.Build.0 = Release|Any CPU
	EndGlobalSection
	GlobalSection(SolutionProperties) = preSolution
		HideSolutionNode = FALSE
	EndGlobalSection
	GlobalSection(ExtensibilityGlobals) = postSolution
		SolutionGuid = {BE7CBD80-1619-48CC-B9B3-CA18D4B6DB2F}
	EndGlobalSection
EndGlobal
