
Microsoft Visual Studio Solution File, Format Version 12.00
# Visual Studio Version 16
VisualStudioVersion = 16.0.32126.315
MinimumVisualStudioVersion = 10.0.40219.1
Project("{FAE04EC0-301F-11D3-BF4B-00C04F79EFBC}") = "Project 10.5", "Project 10.5\Project 10.5.csproj", "{CEDF1FBD-5640-4C36-A8B5-00AF9D42D4DA}"
EndProject
Global
	GlobalSection(SolutionConfigurationPlatforms) = preSolution
		Debug|Any CPU = Debug|Any CPU
		Release|Any CPU = Release|Any CPU
	EndGlobalSection
	GlobalSection(ProjectConfigurationPlatforms) = postSolution
		{CEDF1FBD-5640-4C36-A8B5-00AF9D42D4DA}.Debug|Any CPU.ActiveCfg = Debug|Any CPU
		{CEDF1FBD-5640-4C36-A8B5-00AF9D42D4DA}.Debug|Any CPU.Build.0 = Debug|Any CPU
		{CEDF1FBD-5640-4C36-A8B5-00AF9D42D4DA}.Release|Any CPU.ActiveCfg = Release|Any CPU
		{CEDF1FBD-5640-4C36-A8B5-00AF9D42D4DA}.Release|Any CPU.Build.0 = Release|Any CPU
	EndGlobalSection
	GlobalSection(SolutionProperties) = preSolution
		HideSolutionNode = FALSE
	EndGlobalSection
	GlobalSection(ExtensibilityGlobals) = postSolution
		SolutionGuid = {35A4C6B2-87B7-4368-9579-2ECCE032A824}
	EndGlobalSection
EndGlobal
