
Microsoft Visual Studio Solution File, Format Version 12.00
# Visual Studio Version 16
VisualStudioVersion = 16.0.32228.343
MinimumVisualStudioVersion = 10.0.40219.1
Project("{FAE04EC0-301F-11D3-BF4B-00C04F79EFBC}") = "10.2", "10.2\10.2.csproj", "{9BCB2992-BA0D-4E00-8F8A-BE26BE116B1B}"
EndProject
Global
	GlobalSection(SolutionConfigurationPlatforms) = preSolution
		Debug|Any CPU = Debug|Any CPU
		Release|Any CPU = Release|Any CPU
	EndGlobalSection
	GlobalSection(ProjectConfigurationPlatforms) = postSolution
		{9BCB2992-BA0D-4E00-8F8A-BE26BE116B1B}.Debug|Any CPU.ActiveCfg = Debug|Any CPU
		{9BCB2992-BA0D-4E00-8F8A-BE26BE116B1B}.Debug|Any CPU.Build.0 = Debug|Any CPU
		{9BCB2992-BA0D-4E00-8F8A-BE26BE116B1B}.Release|Any CPU.ActiveCfg = Release|Any CPU
		{9BCB2992-BA0D-4E00-8F8A-BE26BE116B1B}.Release|Any CPU.Build.0 = Release|Any CPU
	EndGlobalSection
	GlobalSection(SolutionProperties) = preSolution
		HideSolutionNode = FALSE
	EndGlobalSection
	GlobalSection(ExtensibilityGlobals) = postSolution
		SolutionGuid = {38BAFF8B-CE59-4C9D-AD45-BA37012E5C01}
	EndGlobalSection
EndGlobal
