
Microsoft Visual Studio Solution File, Format Version 12.00
# Visual Studio Version 16
VisualStudioVersion = 16.0.31729.503
MinimumVisualStudioVersion = 10.0.40219.1
Project("{FAE04EC0-301F-11D3-BF4B-00C04F79EFBC}") = "10.6", "10.6\10.6.csproj", "{83F9F9A6-C304-47B8-A67A-C14EE065025A}"
EndProject
Global
	GlobalSection(SolutionConfigurationPlatforms) = preSolution
		Debug|Any CPU = Debug|Any CPU
		Release|Any CPU = Release|Any CPU
	EndGlobalSection
	GlobalSection(ProjectConfigurationPlatforms) = postSolution
		{83F9F9A6-C304-47B8-A67A-C14EE065025A}.Debug|Any CPU.ActiveCfg = Debug|Any CPU
		{83F9F9A6-C304-47B8-A67A-C14EE065025A}.Debug|Any CPU.Build.0 = Debug|Any CPU
		{83F9F9A6-C304-47B8-A67A-C14EE065025A}.Release|Any CPU.ActiveCfg = Release|Any CPU
		{83F9F9A6-C304-47B8-A67A-C14EE065025A}.Release|Any CPU.Build.0 = Release|Any CPU
	EndGlobalSection
	GlobalSection(SolutionProperties) = preSolution
		HideSolutionNode = FALSE
	EndGlobalSection
	GlobalSection(ExtensibilityGlobals) = postSolution
		SolutionGuid = {BDEE914D-E1DA-4852-9966-BDB46006CA5C}
	EndGlobalSection
EndGlobal
