
Microsoft Visual Studio Solution File, Format Version 12.00
# Visual Studio Version 16
VisualStudioVersion = 16.0.31105.61
MinimumVisualStudioVersion = 10.0.40219.1
Project("{FAE04EC0-301F-11D3-BF4B-00C04F79EFBC}") = "Project10.6", "Project10.6\Project10.6.csproj", "{D52D266F-6947-4E2D-9D6B-ABE16C240D1E}"
EndProject
Global
	GlobalSection(SolutionConfigurationPlatforms) = preSolution
		Debug|Any CPU = Debug|Any CPU
		Release|Any CPU = Release|Any CPU
	EndGlobalSection
	GlobalSection(ProjectConfigurationPlatforms) = postSolution
		{D52D266F-6947-4E2D-9D6B-ABE16C240D1E}.Debug|Any CPU.ActiveCfg = Debug|Any CPU
		{D52D266F-6947-4E2D-9D6B-ABE16C240D1E}.Debug|Any CPU.Build.0 = Debug|Any CPU
		{D52D266F-6947-4E2D-9D6B-ABE16C240D1E}.Release|Any CPU.ActiveCfg = Release|Any CPU
		{D52D266F-6947-4E2D-9D6B-ABE16C240D1E}.Release|Any CPU.Build.0 = Release|Any CPU
	EndGlobalSection
	GlobalSection(SolutionProperties) = preSolution
		HideSolutionNode = FALSE
	EndGlobalSection
	GlobalSection(ExtensibilityGlobals) = postSolution
		SolutionGuid = {E49D908D-2B09-408B-91F6-63877B5EC389}
	EndGlobalSection
EndGlobal
