
Microsoft Visual Studio Solution File, Format Version 12.00
# Visual Studio Version 16
VisualStudioVersion = 16.0.31105.61
MinimumVisualStudioVersion = 10.0.40219.1
Project("{FAE04EC0-301F-11D3-BF4B-00C04F79EFBC}") = "Project 10.4", "Project 10.4\Project 10.4.csproj", "{B47FF877-4A79-4040-ACA8-AE0C39F36EFD}"
EndProject
Global
	GlobalSection(SolutionConfigurationPlatforms) = preSolution
		Debug|Any CPU = Debug|Any CPU
		Release|Any CPU = Release|Any CPU
	EndGlobalSection
	GlobalSection(ProjectConfigurationPlatforms) = postSolution
		{B47FF877-4A79-4040-ACA8-AE0C39F36EFD}.Debug|Any CPU.ActiveCfg = Debug|Any CPU
		{B47FF877-4A79-4040-ACA8-AE0C39F36EFD}.Debug|Any CPU.Build.0 = Debug|Any CPU
		{B47FF877-4A79-4040-ACA8-AE0C39F36EFD}.Release|Any CPU.ActiveCfg = Release|Any CPU
		{B47FF877-4A79-4040-ACA8-AE0C39F36EFD}.Release|Any CPU.Build.0 = Release|Any CPU
	EndGlobalSection
	GlobalSection(SolutionProperties) = preSolution
		HideSolutionNode = FALSE
	EndGlobalSection
	GlobalSection(ExtensibilityGlobals) = postSolution
		SolutionGuid = {75DB6E4D-73FF-4CBB-8479-DF5D25D58953}
	EndGlobalSection
EndGlobal
