
Microsoft Visual Studio Solution File, Format Version 12.00
# Visual Studio Version 17
VisualStudioVersion = 17.0.31912.275
MinimumVisualStudioVersion = 10.0.40219.1
Project("{FAE04EC0-301F-11D3-BF4B-00C04F79EFBC}") = "Ject_10.3", "Ject_10.3\Ject_10.3.csproj", "{3EB21F1E-43B8-4ADD-890C-E51B6CEF5768}"
EndProject
Global
	GlobalSection(SolutionConfigurationPlatforms) = preSolution
		Debug|Any CPU = Debug|Any CPU
		Release|Any CPU = Release|Any CPU
	EndGlobalSection
	GlobalSection(ProjectConfigurationPlatforms) = postSolution
		{3EB21F1E-43B8-4ADD-890C-E51B6CEF5768}.Debug|Any CPU.ActiveCfg = Debug|Any CPU
		{3EB21F1E-43B8-4ADD-890C-E51B6CEF5768}.Debug|Any CPU.Build.0 = Debug|Any CPU
		{3EB21F1E-43B8-4ADD-890C-E51B6CEF5768}.Release|Any CPU.ActiveCfg = Release|Any CPU
		{3EB21F1E-43B8-4ADD-890C-E51B6CEF5768}.Release|Any CPU.Build.0 = Release|Any CPU
	EndGlobalSection
	GlobalSection(SolutionProperties) = preSolution
		HideSolutionNode = FALSE
	EndGlobalSection
	GlobalSection(ExtensibilityGlobals) = postSolution
		SolutionGuid = {8FC0B9F3-E33D-47F2-B879-A7871E685DD1}
	EndGlobalSection
EndGlobal
