
Microsoft Visual Studio Solution File, Format Version 12.00
# Visual Studio Version 16
VisualStudioVersion = 16.0.31129.286
MinimumVisualStudioVersion = 10.0.40219.1
Project("{FAE04EC0-301F-11D3-BF4B-00C04F79EFBC}") = "10.6", "10.6\10.6.csproj", "{729523B1-5D6D-4C46-884B-758382CA1695}"
EndProject
Global
	GlobalSection(SolutionConfigurationPlatforms) = preSolution
		Debug|Any CPU = Debug|Any CPU
		Release|Any CPU = Release|Any CPU
	EndGlobalSection
	GlobalSection(ProjectConfigurationPlatforms) = postSolution
		{729523B1-5D6D-4C46-884B-758382CA1695}.Debug|Any CPU.ActiveCfg = Debug|Any CPU
		{729523B1-5D6D-4C46-884B-758382CA1695}.Debug|Any CPU.Build.0 = Debug|Any CPU
		{729523B1-5D6D-4C46-884B-758382CA1695}.Release|Any CPU.ActiveCfg = Release|Any CPU
		{729523B1-5D6D-4C46-884B-758382CA1695}.Release|Any CPU.Build.0 = Release|Any CPU
	EndGlobalSection
	GlobalSection(SolutionProperties) = preSolution
		HideSolutionNode = FALSE
	EndGlobalSection
	GlobalSection(ExtensibilityGlobals) = postSolution
		SolutionGuid = {DE1E1037-529A-431D-92B9-B4EB6FA83ED2}
	EndGlobalSection
EndGlobal
