
Microsoft Visual Studio Solution File, Format Version 12.00
# Visual Studio Version 16
VisualStudioVersion = 16.0.31729.503
MinimumVisualStudioVersion = 10.0.40219.1
Project("{FAE04EC0-301F-11D3-BF4B-00C04F79EFBC}") = "Project 10.6", "Project 10.6\Project 10.6.csproj", "{B9DDB327-9FC4-4227-87FC-A9BE55D55E63}"
EndProject
Global
	GlobalSection(SolutionConfigurationPlatforms) = preSolution
		Debug|Any CPU = Debug|Any CPU
		Release|Any CPU = Release|Any CPU
	EndGlobalSection
	GlobalSection(ProjectConfigurationPlatforms) = postSolution
		{B9DDB327-9FC4-4227-87FC-A9BE55D55E63}.Debug|Any CPU.ActiveCfg = Debug|Any CPU
		{B9DDB327-9FC4-4227-87FC-A9BE55D55E63}.Debug|Any CPU.Build.0 = Debug|Any CPU
		{B9DDB327-9FC4-4227-87FC-A9BE55D55E63}.Release|Any CPU.ActiveCfg = Release|Any CPU
		{B9DDB327-9FC4-4227-87FC-A9BE55D55E63}.Release|Any CPU.Build.0 = Release|Any CPU
	EndGlobalSection
	GlobalSection(SolutionProperties) = preSolution
		HideSolutionNode = FALSE
	EndGlobalSection
	GlobalSection(ExtensibilityGlobals) = postSolution
		SolutionGuid = {C8F3FB26-E253-4EEF-A7CA-D82C04D673FC}
	EndGlobalSection
EndGlobal
