
Microsoft Visual Studio Solution File, Format Version 12.00
# Visual Studio Version 16
VisualStudioVersion = 16.0.31729.503
MinimumVisualStudioVersion = 10.0.40219.1
Project("{FAE04EC0-301F-11D3-BF4B-00C04F79EFBC}") = "Project 10.7", "Project 10.7\Project 10.7.csproj", "{A33D55BD-E0F8-47F8-9176-9A370A7A270A}"
EndProject
Global
	GlobalSection(SolutionConfigurationPlatforms) = preSolution
		Debug|Any CPU = Debug|Any CPU
		Release|Any CPU = Release|Any CPU
	EndGlobalSection
	GlobalSection(ProjectConfigurationPlatforms) = postSolution
		{A33D55BD-E0F8-47F8-9176-9A370A7A270A}.Debug|Any CPU.ActiveCfg = Debug|Any CPU
		{A33D55BD-E0F8-47F8-9176-9A370A7A270A}.Debug|Any CPU.Build.0 = Debug|Any CPU
		{A33D55BD-E0F8-47F8-9176-9A370A7A270A}.Release|Any CPU.ActiveCfg = Release|Any CPU
		{A33D55BD-E0F8-47F8-9176-9A370A7A270A}.Release|Any CPU.Build.0 = Release|Any CPU
	EndGlobalSection
	GlobalSection(SolutionProperties) = preSolution
		HideSolutionNode = FALSE
	EndGlobalSection
	GlobalSection(ExtensibilityGlobals) = postSolution
		SolutionGuid = {1A5E7F09-A4AD-4C8E-8293-13FDE6076D3A}
	EndGlobalSection
EndGlobal
