
Microsoft Visual Studio Solution File, Format Version 12.00
# Visual Studio Version 16
VisualStudioVersion = 16.0.31205.134
MinimumVisualStudioVersion = 10.0.40219.1
Project("{FAE04EC0-301F-11D3-BF4B-00C04F79EFBC}") = "project10.5_2", "project10.5_2\project10.5_2.csproj", "{F79B7ECF-F30A-443E-A595-2E6D65A81464}"
EndProject
Global
	GlobalSection(SolutionConfigurationPlatforms) = preSolution
		Debug|Any CPU = Debug|Any CPU
		Release|Any CPU = Release|Any CPU
	EndGlobalSection
	GlobalSection(ProjectConfigurationPlatforms) = postSolution
		{F79B7ECF-F30A-443E-A595-2E6D65A81464}.Debug|Any CPU.ActiveCfg = Debug|Any CPU
		{F79B7ECF-F30A-443E-A595-2E6D65A81464}.Debug|Any CPU.Build.0 = Debug|Any CPU
		{F79B7ECF-F30A-443E-A595-2E6D65A81464}.Release|Any CPU.ActiveCfg = Release|Any CPU
		{F79B7ECF-F30A-443E-A595-2E6D65A81464}.Release|Any CPU.Build.0 = Release|Any CPU
	EndGlobalSection
	GlobalSection(SolutionProperties) = preSolution
		HideSolutionNode = FALSE
	EndGlobalSection
	GlobalSection(ExtensibilityGlobals) = postSolution
		SolutionGuid = {C0D4E4FC-7923-4211-9F09-6CD00AE743EB}
	EndGlobalSection
EndGlobal
