
Microsoft Visual Studio Solution File, Format Version 12.00
# Visual Studio Version 16
VisualStudioVersion = 16.0.31105.61
MinimumVisualStudioVersion = 10.0.40219.1
Project("{FAE04EC0-301F-11D3-BF4B-00C04F79EFBC}") = "Project 10.1", "Project 10.1\Project 10.1.csproj", "{AD4C9EA0-5815-4868-A24C-72DB594950EA}"
EndProject
Global
	GlobalSection(SolutionConfigurationPlatforms) = preSolution
		Debug|Any CPU = Debug|Any CPU
		Release|Any CPU = Release|Any CPU
	EndGlobalSection
	GlobalSection(ProjectConfigurationPlatforms) = postSolution
		{AD4C9EA0-5815-4868-A24C-72DB594950EA}.Debug|Any CPU.ActiveCfg = Debug|Any CPU
		{AD4C9EA0-5815-4868-A24C-72DB594950EA}.Debug|Any CPU.Build.0 = Debug|Any CPU
		{AD4C9EA0-5815-4868-A24C-72DB594950EA}.Release|Any CPU.ActiveCfg = Release|Any CPU
		{AD4C9EA0-5815-4868-A24C-72DB594950EA}.Release|Any CPU.Build.0 = Release|Any CPU
	EndGlobalSection
	GlobalSection(SolutionProperties) = preSolution
		HideSolutionNode = FALSE
	EndGlobalSection
	GlobalSection(ExtensibilityGlobals) = postSolution
		SolutionGuid = {24BE5945-212F-440D-832A-445BA3E65C1D}
	EndGlobalSection
EndGlobal
