
Microsoft Visual Studio Solution File, Format Version 12.00
# Visual Studio Version 16
VisualStudioVersion = 16.0.31729.503
MinimumVisualStudioVersion = 10.0.40219.1
Project("{FAE04EC0-301F-11D3-BF4B-00C04F79EFBC}") = "project 10.3", "project 10.3\project 10.3.csproj", "{DCD430AE-5AD2-4325-8FA6-C1996641ECEA}"
EndProject
Global
	GlobalSection(SolutionConfigurationPlatforms) = preSolution
		Debug|Any CPU = Debug|Any CPU
		Release|Any CPU = Release|Any CPU
	EndGlobalSection
	GlobalSection(ProjectConfigurationPlatforms) = postSolution
		{DCD430AE-5AD2-4325-8FA6-C1996641ECEA}.Debug|Any CPU.ActiveCfg = Debug|Any CPU
		{DCD430AE-5AD2-4325-8FA6-C1996641ECEA}.Debug|Any CPU.Build.0 = Debug|Any CPU
		{DCD430AE-5AD2-4325-8FA6-C1996641ECEA}.Release|Any CPU.ActiveCfg = Release|Any CPU
		{DCD430AE-5AD2-4325-8FA6-C1996641ECEA}.Release|Any CPU.Build.0 = Release|Any CPU
	EndGlobalSection
	GlobalSection(SolutionProperties) = preSolution
		HideSolutionNode = FALSE
	EndGlobalSection
	GlobalSection(ExtensibilityGlobals) = postSolution
		SolutionGuid = {CBB0A25E-D4FF-4144-AC37-56CFAB947A19}
	EndGlobalSection
EndGlobal
