
Microsoft Visual Studio Solution File, Format Version 12.00
# Visual Studio Version 16
VisualStudioVersion = 16.0.31729.503
MinimumVisualStudioVersion = 10.0.40219.1
Project("{FAE04EC0-301F-11D3-BF4B-00C04F79EFBC}") = "PJ_10.2", "PJ_10.2\PJ_10.2.csproj", "{234B446F-E86B-47B8-8AC4-48D6098F30FB}"
EndProject
Global
	GlobalSection(SolutionConfigurationPlatforms) = preSolution
		Debug|Any CPU = Debug|Any CPU
		Release|Any CPU = Release|Any CPU
	EndGlobalSection
	GlobalSection(ProjectConfigurationPlatforms) = postSolution
		{234B446F-E86B-47B8-8AC4-48D6098F30FB}.Debug|Any CPU.ActiveCfg = Debug|Any CPU
		{234B446F-E86B-47B8-8AC4-48D6098F30FB}.Debug|Any CPU.Build.0 = Debug|Any CPU
		{234B446F-E86B-47B8-8AC4-48D6098F30FB}.Release|Any CPU.ActiveCfg = Release|Any CPU
		{234B446F-E86B-47B8-8AC4-48D6098F30FB}.Release|Any CPU.Build.0 = Release|Any CPU
	EndGlobalSection
	GlobalSection(SolutionProperties) = preSolution
		HideSolutionNode = FALSE
	EndGlobalSection
	GlobalSection(ExtensibilityGlobals) = postSolution
		SolutionGuid = {178A747E-6BFE-41C0-83B0-DA31C468850E}
	EndGlobalSection
EndGlobal
