
Microsoft Visual Studio Solution File, Format Version 12.00
# Visual Studio Version 16
VisualStudioVersion = 16.0.31729.503
MinimumVisualStudioVersion = 10.0.40219.1
Project("{FAE04EC0-301F-11D3-BF4B-00C04F79EFBC}") = "PJ_10.1", "PJ_10.1\PJ_10.1.csproj", "{09F1CBF9-8DEA-43EA-9E0C-C809EF06EEFC}"
EndProject
Global
	GlobalSection(SolutionConfigurationPlatforms) = preSolution
		Debug|Any CPU = Debug|Any CPU
		Release|Any CPU = Release|Any CPU
	EndGlobalSection
	GlobalSection(ProjectConfigurationPlatforms) = postSolution
		{09F1CBF9-8DEA-43EA-9E0C-C809EF06EEFC}.Debug|Any CPU.ActiveCfg = Debug|Any CPU
		{09F1CBF9-8DEA-43EA-9E0C-C809EF06EEFC}.Debug|Any CPU.Build.0 = Debug|Any CPU
		{09F1CBF9-8DEA-43EA-9E0C-C809EF06EEFC}.Release|Any CPU.ActiveCfg = Release|Any CPU
		{09F1CBF9-8DEA-43EA-9E0C-C809EF06EEFC}.Release|Any CPU.Build.0 = Release|Any CPU
	EndGlobalSection
	GlobalSection(SolutionProperties) = preSolution
		HideSolutionNode = FALSE
	EndGlobalSection
	GlobalSection(ExtensibilityGlobals) = postSolution
		SolutionGuid = {CE04AFF5-0696-46F6-ABBA-C3E027B584B2}
	EndGlobalSection
EndGlobal
